{
  "name": "video-streaming-platform",
  "lockfileVersion": 3,
  "requires": true,
  "packages": {
    "": {
      "dependencies": {
        "cursor": "^0.1.5"
      }
    },
    "node_modules/cursor": {
      "version": "0.1.5",
      "resolved": "https://registry.npmjs.org/cursor/-/cursor-0.1.5.tgz",
      "integrity": "sha512-SEhnxWKJdk3RTiSQ0VdHQ0XdCzGxMtrIpen+EaKmZNBzHBwlEaBFtzG11R7/8TR68FBA54Yp3UzayByFH9j1QQ==",
      "license": "MIT"
    }
  }
}
